// !$*UTF8*$!
{
	archiveVersion = 1;
	classes = {
	};
	objectVersion = 46;
	objects = {

/* Begin PBXBuildFile section */
		3935318C1B135F8D006A66D3 /* main.m in Sources */ = {isa = PBXBuildFile; fileRef = 3935318B1B135F8D006A66D3 /* main.m */; };
		3935318F1B135F8D006A66D3 /* AppDelegate.m in Sources */ = {isa = PBXBuildFile; fileRef = 3935318E1B135F8D006A66D3 /* AppDelegate.m */; };
		393531921B135F8D006A66D3 /* IoAtSpot.xcdatamodeld in Sources */ = {isa = PBXBuildFile; fileRef = 393531901B135F8D006A66D3 /* IoAtSpot.xcdatamodeld */; };
		393531951B135F8D006A66D3 /* MainViewController.m in Sources */ = {isa = PBXBuildFile; fileRef = 393531941B135F8D006A66D3 /* MainViewController.m */; };
		393531981B135F8D006A66D3 /* Main.storyboard in Resources */ = {isa = PBXBuildFile; fileRef = 393531961B135F8D006A66D3 /* Main.storyboard */; };
		3935319A1B135F8D006A66D3 /* Images.xcassets in Resources */ = {isa = PBXBuildFile; fileRef = 393531991B135F8D006A66D3 /* Images.xcassets */; };
		3935319D1B135F8D006A66D3 /* LaunchScreen.xib in Resources */ = {isa = PBXBuildFile; fileRef = 3935319B1B135F8D006A66D3 /* LaunchScreen.xib */; };
		393531A91B135F8D006A66D3 /* IoAtSpotTests.m in Sources */ = {isa = PBXBuildFile; fileRef = 393531A81B135F8D006A66D3 /* IoAtSpotTests.m */; };
		393531BA1B1363CB006A66D3 /* ic_lock_outline_white_18dp.png in Resources */ = {isa = PBXBuildFile; fileRef = 393531B31B1363CB006A66D3 /* ic_lock_outline_white_18dp.png */; };
		393531BB1B1363CB006A66D3 /* ic_lock_outline_white_18dp@2x.png in Resources */ = {isa = PBXBuildFile; fileRef = 393531B41B1363CB006A66D3 /* ic_lock_outline_white_18dp@2x.png */; };
		393531BC1B1363CB006A66D3 /* ic_logo.png in Resources */ = {isa = PBXBuildFile; fileRef = 393531B51B1363CB006A66D3 /* ic_logo.png */; };
		393531BD1B1363CB006A66D3 /* ic_nfc.png in Resources */ = {isa = PBXBuildFile; fileRef = 393531B61B1363CB006A66D3 /* ic_nfc.png */; };
		393531BE1B1363CB006A66D3 /* ic_person_white_18dp.png in Resources */ = {isa = PBXBuildFile; fileRef = 393531B71B1363CB006A66D3 /* ic_person_white_18dp.png */; };
		393531BF1B1363CB006A66D3 /* ic_person_white_18dp@2x.png in Resources */ = {isa = PBXBuildFile; fileRef = 393531B81B1363CB006A66D3 /* ic_person_white_18dp@2x.png */; };
		393531C01B1363CB006A66D3 /* ic_wifi.png in Resources */ = {isa = PBXBuildFile; fileRef = 393531B91B1363CB006A66D3 /* ic_wifi.png */; };
		393531C61B1365C7006A66D3 /* LoginVC.m in Sources */ = {isa = PBXBuildFile; fileRef = 393531C41B1365C7006A66D3 /* LoginVC.m */; };
		393531C71B1365C7006A66D3 /* LoginVC.xib in Resources */ = {isa = PBXBuildFile; fileRef = 393531C51B1365C7006A66D3 /* LoginVC.xib */; };
		393531CB1B136614006A66D3 /* BaseVC.m in Sources */ = {isa = PBXBuildFile; fileRef = 393531CA1B136614006A66D3 /* BaseVC.m */; };
		393531D01B1366C9006A66D3 /* TextInputView.m in Sources */ = {isa = PBXBuildFile; fileRef = 393531CF1B1366C9006A66D3 /* TextInputView.m */; };
		393531D21B1366DC006A66D3 /* TextInputView.xib in Resources */ = {isa = PBXBuildFile; fileRef = 393531D11B1366DC006A66D3 /* TextInputView.xib */; };
		3982F30C1B1369A40013B67A /* Reachability.m in Sources */ = {isa = PBXBuildFile; fileRef = 3982F3081B1369A40013B67A /* Reachability.m */; };
		3982F30D1B1369A40013B67A /* UIViewController+AutoLayout.m in Sources */ = {isa = PBXBuildFile; fileRef = 3982F30A1B1369A40013B67A /* UIViewController+AutoLayout.m */; };
		3982F32C1B1371550013B67A /* UIKit.framework in Frameworks */ = {isa = PBXBuildFile; fileRef = 3982F3251B1370D00013B67A /* UIKit.framework */; };
		3982F32D1B1371550013B67A /* SystemConfiguration.framework in Frameworks */ = {isa = PBXBuildFile; fileRef = 3982F3231B1370C90013B67A /* SystemConfiguration.framework */; };
		3982F32E1B1371550013B67A /* Security.framework in Frameworks */ = {isa = PBXBuildFile; fileRef = 3982F3211B1370BD0013B67A /* Security.framework */; };
		3982F32F1B1371550013B67A /* MediaPlayer.framework in Frameworks */ = {isa = PBXBuildFile; fileRef = 3982F31F1B1370B60013B67A /* MediaPlayer.framework */; };
		3982F3301B1371550013B67A /* CoreGraphics.framework in Frameworks */ = {isa = PBXBuildFile; fileRef = 3982F3191B1370A60013B67A /* CoreGraphics.framework */; };
		3982F3311B1371550013B67A /* CoreMotion.framework in Frameworks */ = {isa = PBXBuildFile; fileRef = 3982F31A1B1370A60013B67A /* CoreMotion.framework */; };
		3982F3321B1371550013B67A /* CoreText.framework in Frameworks */ = {isa = PBXBuildFile; fileRef = 3982F31B1B1370A60013B67A /* CoreText.framework */; };
		3982F3331B1371550013B67A /* CoreLocation.framework in Frameworks */ = {isa = PBXBuildFile; fileRef = 3982F3171B1370950013B67A /* CoreLocation.framework */; };
		3982F3341B1371550013B67A /* Foundation.framework in Frameworks */ = {isa = PBXBuildFile; fileRef = 3982F3151B13708A0013B67A /* Foundation.framework */; };
		3982F3351B1371550013B67A /* AssetsLibrary.framework in Frameworks */ = {isa = PBXBuildFile; fileRef = 3982F3131B1370830013B67A /* AssetsLibrary.framework */; };
		3982F3361B1371550013B67A /* AddressBook.framework in Frameworks */ = {isa = PBXBuildFile; fileRef = 3982F3111B13707E0013B67A /* AddressBook.framework */; };
		3982F3381B1371C30013B67A /* GooglePlus.bundle in Resources */ = {isa = PBXBuildFile; fileRef = 3982F3371B1371C30013B67A /* GooglePlus.bundle */; };
		3982F33B1B13721D0013B67A /* Constants.m in Sources */ = {isa = PBXBuildFile; fileRef = 3982F33A1B13721D0013B67A /* Constants.m */; };
/* End PBXBuildFile section */

/* Begin PBXContainerItemProxy section */
		393531A31B135F8D006A66D3 /* PBXContainerItemProxy */ = {
			isa = PBXContainerItemProxy;
			containerPortal = 3935317E1B135F8D006A66D3 /* Project object */;
			proxyType = 1;
			remoteGlobalIDString = 393531851B135F8D006A66D3;
			remoteInfo = IoAtSpot;
		};
/* End PBXContainerItemProxy section */

/* Begin PBXFileReference section */
		393531861B135F8D006A66D3 /* IoAtSpot.app */ = {isa = PBXFileReference; explicitFileType = wrapper.application; includeInIndex = 0; path = IoAtSpot.app; sourceTree = BUILT_PRODUCTS_DIR; };
		3935318A1B135F8D006A66D3 /* Info.plist */ = {isa = PBXFileReference; lastKnownFileType = text.plist.xml; path = Info.plist; sourceTree = "<group>"; };
		3935318B1B135F8D006A66D3 /* main.m */ = {isa = PBXFileReference; lastKnownFileType = sourcecode.c.objc; path = main.m; sourceTree = "<group>"; };
		3935318D1B135F8D006A66D3 /* AppDelegate.h */ = {isa = PBXFileReference; lastKnownFileType = sourcecode.c.h; path = AppDelegate.h; sourceTree = "<group>"; };
		3935318E1B135F8D006A66D3 /* AppDelegate.m */ = {isa = PBXFileReference; lastKnownFileType = sourcecode.c.objc; path = AppDelegate.m; sourceTree = "<group>"; };
		393531911B135F8D006A66D3 /* IoAtSpot.xcdatamodel */ = {isa = PBXFileReference; lastKnownFileType = wrapper.xcdatamodel; path = IoAtSpot.xcdatamodel; sourceTree = "<group>"; };
		393531931B135F8D006A66D3 /* MainViewController.h */ = {isa = PBXFileReference; lastKnownFileType = sourcecode.c.h; path = MainViewController.h; sourceTree = "<group>"; };
		393531941B135F8D006A66D3 /* MainViewController.m */ = {isa = PBXFileReference; lastKnownFileType = sourcecode.c.objc; path = MainViewController.m; sourceTree = "<group>"; };
		393531971B135F8D006A66D3 /* Base */ = {isa = PBXFileReference; lastKnownFileType = file.storyboard; name = Base; path = Base.lproj/Main.storyboard; sourceTree = "<group>"; };
		393531991B135F8D006A66D3 /* Images.xcassets */ = {isa = PBXFileReference; lastKnownFileType = folder.assetcatalog; path = Images.xcassets; sourceTree = "<group>"; };
		3935319C1B135F8D006A66D3 /* Base */ = {isa = PBXFileReference; lastKnownFileType = file.xib; name = Base; path = Base.lproj/LaunchScreen.xib; sourceTree = "<group>"; };
		393531A21B135F8D006A66D3 /* IoAtSpotTests.xctest */ = {isa = PBXFileReference; explicitFileType = wrapper.cfbundle; includeInIndex = 0; path = IoAtSpotTests.xctest; sourceTree = BUILT_PRODUCTS_DIR; };
		393531A71B135F8D006A66D3 /* Info.plist */ = {isa = PBXFileReference; lastKnownFileType = text.plist.xml; path = Info.plist; sourceTree = "<group>"; };
		393531A81B135F8D006A66D3 /* IoAtSpotTests.m */ = {isa = PBXFileReference; lastKnownFileType = sourcecode.c.objc; path = IoAtSpotTests.m; sourceTree = "<group>"; };
		393531B31B1363CB006A66D3 /* ic_lock_outline_white_18dp.png */ = {isa = PBXFileReference; lastKnownFileType = image.png; name = ic_lock_outline_white_18dp.png; path = IoAtSpot/resouces/ic_lock_outline_white_18dp.png; sourceTree = "<group>"; };
		393531B41B1363CB006A66D3 /* ic_lock_outline_white_18dp@2x.png */ = {isa = PBXFileReference; lastKnownFileType = image.png; name = "ic_lock_outline_white_18dp@2x.png"; path = "IoAtSpot/resouces/ic_lock_outline_white_18dp@2x.png"; sourceTree = "<group>"; };
		393531B51B1363CB006A66D3 /* ic_logo.png */ = {isa = PBXFileReference; lastKnownFileType = image.png; name = ic_logo.png; path = IoAtSpot/resouces/ic_logo.png; sourceTree = "<group>"; };
		393531B61B1363CB006A66D3 /* ic_nfc.png */ = {isa = PBXFileReference; lastKnownFileType = image.png; name = ic_nfc.png; path = IoAtSpot/resouces/ic_nfc.png; sourceTree = "<group>"; };
		393531B71B1363CB006A66D3 /* ic_person_white_18dp.png */ = {isa = PBXFileReference; lastKnownFileType = image.png; name = ic_person_white_18dp.png; path = IoAtSpot/resouces/ic_person_white_18dp.png; sourceTree = "<group>"; };
		393531B81B1363CB006A66D3 /* ic_person_white_18dp@2x.png */ = {isa = PBXFileReference; lastKnownFileType = image.png; name = "ic_person_white_18dp@2x.png"; path = "IoAtSpot/resouces/ic_person_white_18dp@2x.png"; sourceTree = "<group>"; };
		393531B91B1363CB006A66D3 /* ic_wifi.png */ = {isa = PBXFileReference; lastKnownFileType = image.png; name = ic_wifi.png; path = IoAtSpot/resouces/ic_wifi.png; sourceTree = "<group>"; };
		393531C31B1365C7006A66D3 /* LoginVC.h */ = {isa = PBXFileReference; fileEncoding = 4; lastKnownFileType = sourcecode.c.h; path = LoginVC.h; sourceTree = "<group>"; };
		393531C41B1365C7006A66D3 /* LoginVC.m */ = {isa = PBXFileReference; fileEncoding = 4; lastKnownFileType = sourcecode.c.objc; path = LoginVC.m; sourceTree = "<group>"; };
		393531C51B1365C7006A66D3 /* LoginVC.xib */ = {isa = PBXFileReference; fileEncoding = 4; lastKnownFileType = file.xib; path = LoginVC.xib; sourceTree = "<group>"; };
		393531C91B136614006A66D3 /* BaseVC.h */ = {isa = PBXFileReference; fileEncoding = 4; lastKnownFileType = sourcecode.c.h; path = BaseVC.h; sourceTree = "<group>"; };
		393531CA1B136614006A66D3 /* BaseVC.m */ = {isa = PBXFileReference; fileEncoding = 4; lastKnownFileType = sourcecode.c.objc; path = BaseVC.m; sourceTree = "<group>"; };
		393531CE1B1366C9006A66D3 /* TextInputView.h */ = {isa = PBXFileReference; fileEncoding = 4; lastKnownFileType = sourcecode.c.h; path = TextInputView.h; sourceTree = "<group>"; };
		393531CF1B1366C9006A66D3 /* TextInputView.m */ = {isa = PBXFileReference; fileEncoding = 4; lastKnownFileType = sourcecode.c.objc; path = TextInputView.m; sourceTree = "<group>"; };
		393531D11B1366DC006A66D3 /* TextInputView.xib */ = {isa = PBXFileReference; fileEncoding = 4; lastKnownFileType = file.xib; path = TextInputView.xib; sourceTree = "<group>"; };
		3982F3071B1369A40013B67A /* Reachability.h */ = {isa = PBXFileReference; fileEncoding = 4; lastKnownFileType = sourcecode.c.h; path = Reachability.h; sourceTree = "<group>"; };
		3982F3081B1369A40013B67A /* Reachability.m */ = {isa = PBXFileReference; fileEncoding = 4; lastKnownFileType = sourcecode.c.objc; path = Reachability.m; sourceTree = "<group>"; };
		3982F3091B1369A40013B67A /* UIViewController+AutoLayout.h */ = {isa = PBXFileReference; fileEncoding = 4; lastKnownFileType = sourcecode.c.h; path = "UIViewController+AutoLayout.h"; sourceTree = "<group>"; };
		3982F30A1B1369A40013B67A /* UIViewController+AutoLayout.m */ = {isa = PBXFileReference; fileEncoding = 4; lastKnownFileType = sourcecode.c.objc; path = "UIViewController+AutoLayout.m"; sourceTree = "<group>"; };
		3982F30B1B1369A40013B67A /* Exceptions.h */ = {isa = PBXFileReference; fileEncoding = 4; lastKnownFileType = sourcecode.c.h; path = Exceptions.h; sourceTree = "<group>"; };
		3982F3111B13707E0013B67A /* AddressBook.framework */ = {isa = PBXFileReference; lastKnownFileType = wrapper.framework; name = AddressBook.framework; path = System/Library/Frameworks/AddressBook.framework; sourceTree = SDKROOT; };
		3982F3131B1370830013B67A /* AssetsLibrary.framework */ = {isa = PBXFileReference; lastKnownFileType = wrapper.framework; name = AssetsLibrary.framework; path = System/Library/Frameworks/AssetsLibrary.framework; sourceTree = SDKROOT; };
		3982F3151B13708A0013B67A /* Foundation.framework */ = {isa = PBXFileReference; lastKnownFileType = wrapper.framework; name = Foundation.framework; path = System/Library/Frameworks/Foundation.framework; sourceTree = SDKROOT; };
		3982F3171B1370950013B67A /* CoreLocation.framework */ = {isa = PBXFileReference; lastKnownFileType = wrapper.framework; name = CoreLocation.framework; path = System/Library/Frameworks/CoreLocation.framework; sourceTree = SDKROOT; };
		3982F3191B1370A60013B67A /* CoreGraphics.framework */ = {isa = PBXFileReference; lastKnownFileType = wrapper.framework; name = CoreGraphics.framework; path = System/Library/Frameworks/CoreGraphics.framework; sourceTree = SDKROOT; };
		3982F31A1B1370A60013B67A /* CoreMotion.framework */ = {isa = PBXFileReference; lastKnownFileType = wrapper.framework; name = CoreMotion.framework; path = System/Library/Frameworks/CoreMotion.framework; sourceTree = SDKROOT; };
		3982F31B1B1370A60013B67A /* CoreText.framework */ = {isa = PBXFileReference; lastKnownFileType = wrapper.framework; name = CoreText.framework; path = System/Library/Frameworks/CoreText.framework; sourceTree = SDKROOT; };
		3982F31F1B1370B60013B67A /* MediaPlayer.framework */ = {isa = PBXFileReference; lastKnownFileType = wrapper.framework; name = MediaPlayer.framework; path = System/Library/Frameworks/MediaPlayer.framework; sourceTree = SDKROOT; };
		3982F3211B1370BD0013B67A /* Security.framework */ = {isa = PBXFileReference; lastKnownFileType = wrapper.framework; name = Security.framework; path = System/Library/Frameworks/Security.framework; sourceTree = SDKROOT; };
		3982F3231B1370C90013B67A /* SystemConfiguration.framework */ = {isa = PBXFileReference; lastKnownFileType = wrapper.framework; name = SystemConfiguration.framework; path = System/Library/Frameworks/SystemConfiguration.framework; sourceTree = SDKROOT; };
		3982F3251B1370D00013B67A /* UIKit.framework */ = {isa = PBXFileReference; lastKnownFileType = wrapper.framework; name = UIKit.framework; path = System/Library/Frameworks/UIKit.framework; sourceTree = SDKROOT; };
		3982F3281B13712F0013B67A /* GoogleOpenSource.framework */ = {isa = PBXFileReference; lastKnownFileType = wrapper.framework; path = GoogleOpenSource.framework; sourceTree = "<group>"; };
		3982F3291B13712F0013B67A /* GooglePlus.framework */ = {isa = PBXFileReference; lastKnownFileType = wrapper.framework; path = GooglePlus.framework; sourceTree = "<group>"; };
		3982F3371B1371C30013B67A /* GooglePlus.bundle */ = {isa = PBXFileReference; lastKnownFileType = "wrapper.plug-in"; path = GooglePlus.bundle; sourceTree = "<group>"; };
		3982F3391B13721D0013B67A /* Constants.h */ = {isa = PBXFileReference; fileEncoding = 4; lastKnownFileType = sourcecode.c.h; path = Constants.h; sourceTree = "<group>"; };
		3982F33A1B13721D0013B67A /* Constants.m */ = {isa = PBXFileReference; fileEncoding = 4; lastKnownFileType = sourcecode.c.objc; path = Constants.m; sourceTree = "<group>"; };
/* End PBXFileReference section */

/* Begin PBXFrameworksBuildPhase section */
		393531831B135F8D006A66D3 /* Frameworks */ = {
			isa = PBXFrameworksBuildPhase;
			buildActionMask = 2147483647;
			files = (
				3982F32C1B1371550013B67A /* UIKit.framework in Frameworks */,
				3982F32D1B1371550013B67A /* SystemConfiguration.framework in Frameworks */,
				3982F32E1B1371550013B67A /* Security.framework in Frameworks */,
				3982F32F1B1371550013B67A /* MediaPlayer.framework in Frameworks */,
				3982F3301B1371550013B67A /* CoreGraphics.framework in Frameworks */,
				3982F3311B1371550013B67A /* CoreMotion.framework in Frameworks */,
				3982F3321B1371550013B67A /* CoreText.framework in Frameworks */,
				3982F3331B1371550013B67A /* CoreLocation.framework in Frameworks */,
				3982F3341B1371550013B67A /* Foundation.framework in Frameworks */,
				3982F3351B1371550013B67A /* AssetsLibrary.framework in Frameworks */,
				3982F3361B1371550013B67A /* AddressBook.framework in Frameworks */,
			);
			runOnlyForDeploymentPostprocessing = 0;
		};
		3935319F1B135F8D006A66D3 /* Frameworks */ = {
			isa = PBXFrameworksBuildPhase;
			buildActionMask = 2147483647;
			files = (
			);
			runOnlyForDeploymentPostprocessing = 0;
		};
/* End PBXFrameworksBuildPhase section */

/* Begin PBXGroup section */
		3935317D1B135F8D006A66D3 = {
			isa = PBXGroup;
			children = (
				393531881B135F8D006A66D3 /* IoAtSpot */,
				393531A51B135F8D006A66D3 /* IoAtSpotTests */,
				393531871B135F8D006A66D3 /* Products */,
			);
			sourceTree = "<group>";
		};
		393531871B135F8D006A66D3 /* Products */ = {
			isa = PBXGroup;
			children = (
				393531861B135F8D006A66D3 /* IoAtSpot.app */,
				393531A21B135F8D006A66D3 /* IoAtSpotTests.xctest */,
			);
			name = Products;
			sourceTree = "<group>";
		};
		393531881B135F8D006A66D3 /* IoAtSpot */ = {
			isa = PBXGroup;
			children = (
				393531C81B136604006A66D3 /* Common */,
				393531C21B136539006A66D3 /* SplashScreen */,
				393531C11B13652C006A66D3 /* Login */,
				393531B21B1363B5006A66D3 /* resources */,
				3935318D1B135F8D006A66D3 /* AppDelegate.h */,
				3935318E1B135F8D006A66D3 /* AppDelegate.m */,
				393531931B135F8D006A66D3 /* MainViewController.h */,
				393531941B135F8D006A66D3 /* MainViewController.m */,
				393531961B135F8D006A66D3 /* Main.storyboard */,
				393531991B135F8D006A66D3 /* Images.xcassets */,
				393531901B135F8D006A66D3 /* IoAtSpot.xcdatamodeld */,
				393531891B135F8D006A66D3 /* Supporting Files */,
			);
			path = IoAtSpot;
			sourceTree = "<group>";
		};
		393531891B135F8D006A66D3 /* Supporting Files */ = {
			isa = PBXGroup;
			children = (
				3982F3371B1371C30013B67A /* GooglePlus.bundle */,
				3982F3271B1370EA0013B67A /* Frameworks */,
				3935318A1B135F8D006A66D3 /* Info.plist */,
				3935318B1B135F8D006A66D3 /* main.m */,
			);
			name = "Supporting Files";
			sourceTree = "<group>";
		};
		393531A51B135F8D006A66D3 /* IoAtSpotTests */ = {
			isa = PBXGroup;
			children = (
				393531A81B135F8D006A66D3 /* IoAtSpotTests.m */,
				393531A61B135F8D006A66D3 /* Supporting Files */,
			);
			path = IoAtSpotTests;
			sourceTree = "<group>";
		};
		393531A61B135F8D006A66D3 /* Supporting Files */ = {
			isa = PBXGroup;
			children = (
				393531A71B135F8D006A66D3 /* Info.plist */,
			);
			name = "Supporting Files";
			sourceTree = "<group>";
		};
		393531B21B1363B5006A66D3 /* resources */ = {
			isa = PBXGroup;
			children = (
				393531B31B1363CB006A66D3 /* ic_lock_outline_white_18dp.png */,
				393531B41B1363CB006A66D3 /* ic_lock_outline_white_18dp@2x.png */,
				393531B51B1363CB006A66D3 /* ic_logo.png */,
				393531B61B1363CB006A66D3 /* ic_nfc.png */,
				393531B71B1363CB006A66D3 /* ic_person_white_18dp.png */,
				393531B81B1363CB006A66D3 /* ic_person_white_18dp@2x.png */,
				393531B91B1363CB006A66D3 /* ic_wifi.png */,
			);
			name = resources;
			path = ..;
			sourceTree = "<group>";
		};
		393531C11B13652C006A66D3 /* Login */ = {
			isa = PBXGroup;
			children = (
				393531CD1B1366AE006A66D3 /* View */,
				393531CC1B1366A7006A66D3 /* ViewController */,
			);
			name = Login;
			sourceTree = "<group>";
		};
		393531C21B136539006A66D3 /* SplashScreen */ = {
			isa = PBXGroup;
			children = (
				3935319B1B135F8D006A66D3 /* LaunchScreen.xib */,
			);
			name = SplashScreen;
			sourceTree = "<group>";
		};
		393531C81B136604006A66D3 /* Common */ = {
			isa = PBXGroup;
			children = (
				3982F3101B1369CC0013B67A /* Bases */,
				3982F30E1B1369A90013B67A /* Reachability */,
				3982F30F1B1369B40013B67A /* ViewController+Autolayout */,
				3982F30B1B1369A40013B67A /* Exceptions.h */,
				3982F3391B13721D0013B67A /* Constants.h */,
				3982F33A1B13721D0013B67A /* Constants.m */,
			);
			name = Common;
			sourceTree = "<group>";
		};
		393531CC1B1366A7006A66D3 /* ViewController */ = {
			isa = PBXGroup;
			children = (
				393531C31B1365C7006A66D3 /* LoginVC.h */,
				393531C41B1365C7006A66D3 /* LoginVC.m */,
				393531C51B1365C7006A66D3 /* LoginVC.xib */,
			);
			name = ViewController;
			sourceTree = "<group>";
		};
		393531CD1B1366AE006A66D3 /* View */ = {
			isa = PBXGroup;
			children = (
				393531CE1B1366C9006A66D3 /* TextInputView.h */,
				393531CF1B1366C9006A66D3 /* TextInputView.m */,
				393531D11B1366DC006A66D3 /* TextInputView.xib */,
			);
			name = View;
			sourceTree = "<group>";
		};
		3982F30E1B1369A90013B67A /* Reachability */ = {
			isa = PBXGroup;
			children = (
				3982F3071B1369A40013B67A /* Reachability.h */,
				3982F3081B1369A40013B67A /* Reachability.m */,
			);
			name = Reachability;
			sourceTree = "<group>";
		};
		3982F30F1B1369B40013B67A /* ViewController+Autolayout */ = {
			isa = PBXGroup;
			children = (
				3982F3091B1369A40013B67A /* UIViewController+AutoLayout.h */,
				3982F30A1B1369A40013B67A /* UIViewController+AutoLayout.m */,
			);
			name = "ViewController+Autolayout";
			sourceTree = "<group>";
		};
		3982F3101B1369CC0013B67A /* Bases */ = {
			isa = PBXGroup;
			children = (
				393531C91B136614006A66D3 /* BaseVC.h */,
				393531CA1B136614006A66D3 /* BaseVC.m */,
			);
			name = Bases;
			sourceTree = "<group>";
		};
		3982F3271B1370EA0013B67A /* Frameworks */ = {
			isa = PBXGroup;
			children = (
				3982F3281B13712F0013B67A /* GoogleOpenSource.framework */,
				3982F3291B13712F0013B67A /* GooglePlus.framework */,
				3982F3251B1370D00013B67A /* UIKit.framework */,
				3982F3231B1370C90013B67A /* SystemConfiguration.framework */,
				3982F3211B1370BD0013B67A /* Security.framework */,
				3982F31F1B1370B60013B67A /* MediaPlayer.framework */,
				3982F3191B1370A60013B67A /* CoreGraphics.framework */,
				3982F31A1B1370A60013B67A /* CoreMotion.framework */,
				3982F31B1B1370A60013B67A /* CoreText.framework */,
				3982F3171B1370950013B67A /* CoreLocation.framework */,
				3982F3151B13708A0013B67A /* Foundation.framework */,
				3982F3131B1370830013B67A /* AssetsLibrary.framework */,
				3982F3111B13707E0013B67A /* AddressBook.framework */,
			);
			name = Frameworks;
			sourceTree = "<group>";
		};
/* End PBXGroup section */

/* Begin PBXNativeTarget section */
		393531851B135F8D006A66D3 /* IoAtSpot */ = {
			isa = PBXNativeTarget;
			buildConfigurationList = 393531AC1B135F8D006A66D3 /* Build configuration list for PBXNativeTarget "IoAtSpot" */;
			buildPhases = (
				393531821B135F8D006A66D3 /* Sources */,
				393531831B135F8D006A66D3 /* Frameworks */,
				393531841B135F8D006A66D3 /* Resources */,
			);
			buildRules = (
			);
			dependencies = (
			);
			name = IoAtSpot;
			productName = IoAtSpot;
			productReference = 393531861B135F8D006A66D3 /* IoAtSpot.app */;
			productType = "com.apple.product-type.application";
		};
		393531A11B135F8D006A66D3 /* IoAtSpotTests */ = {
			isa = PBXNativeTarget;
			buildConfigurationList = 393531AF1B135F8D006A66D3 /* Build configuration list for PBXNativeTarget "IoAtSpotTests" */;
			buildPhases = (
				3935319E1B135F8D006A66D3 /* Sources */,
				3935319F1B135F8D006A66D3 /* Frameworks */,
				393531A01B135F8D006A66D3 /* Resources */,
			);
			buildRules = (
			);
			dependencies = (
				393531A41B135F8D006A66D3 /* PBXTargetDependency */,
			);
			name = IoAtSpotTests;
			productName = IoAtSpotTests;
			productReference = 393531A21B135F8D006A66D3 /* IoAtSpotTests.xctest */;
			productType = "com.apple.product-type.bundle.unit-test";
		};
/* End PBXNativeTarget section */

/* Begin PBXProject section */
		3935317E1B135F8D006A66D3 /* Project object */ = {
			isa = PBXProject;
			attributes = {
				LastUpgradeCheck = 0630;
				ORGANIZATIONNAME = SPOT;
				TargetAttributes = {
					393531851B135F8D006A66D3 = {
						CreatedOnToolsVersion = 6.3;
					};
					393531A11B135F8D006A66D3 = {
						CreatedOnToolsVersion = 6.3;
						TestTargetID = 393531851B135F8D006A66D3;
					};
				};
			};
			buildConfigurationList = 393531811B135F8D006A66D3 /* Build configuration list for PBXProject "IoAtSpot" */;
			compatibilityVersion = "Xcode 3.2";
			developmentRegion = English;
			hasScannedForEncodings = 0;
			knownRegions = (
				en,
				Base,
			);
			mainGroup = 3935317D1B135F8D006A66D3;
			productRefGroup = 393531871B135F8D006A66D3 /* Products */;
			projectDirPath = "";
			projectRoot = "";
			targets = (
				393531851B135F8D006A66D3 /* IoAtSpot */,
				393531A11B135F8D006A66D3 /* IoAtSpotTests */,
			);
		};
/* End PBXProject section */

/* Begin PBXResourcesBuildPhase section */
		393531841B135F8D006A66D3 /* Resources */ = {
			isa = PBXResourcesBuildPhase;
			buildActionMask = 2147483647;
			files = (
				393531BA1B1363CB006A66D3 /* ic_lock_outline_white_18dp.png in Resources */,
				393531C71B1365C7006A66D3 /* LoginVC.xib in Resources */,
				393531D21B1366DC006A66D3 /* TextInputView.xib in Resources */,
				393531BE1B1363CB006A66D3 /* ic_person_white_18dp.png in Resources */,
				393531981B135F8D006A66D3 /* Main.storyboard in Resources */,
				393531BC1B1363CB006A66D3 /* ic_logo.png in Resources */,
				393531BD1B1363CB006A66D3 /* ic_nfc.png in Resources */,
				393531BB1B1363CB006A66D3 /* ic_lock_outline_white_18dp@2x.png in Resources */,
				393531C01B1363CB006A66D3 /* ic_wifi.png in Resources */,
				3935319D1B135F8D006A66D3 /* LaunchScreen.xib in Resources */,
				3982F3381B1371C30013B67A /* GooglePlus.bundle in Resources */,
				3935319A1B135F8D006A66D3 /* Images.xcassets in Resources */,
				393531BF1B1363CB006A66D3 /* ic_person_white_18dp@2x.png in Resources */,
			);
			runOnlyForDeploymentPostprocessing = 0;
		};
		393531A01B135F8D006A66D3 /* Resources */ = {
			isa = PBXResourcesBuildPhase;
			buildActionMask = 2147483647;
			files = (
			);
			runOnlyForDeploymentPostprocessing = 0;
		};
/* End PBXResourcesBuildPhase section */

/* Begin PBXSourcesBuildPhase section */
		393531821B135F8D006A66D3 /* Sources */ = {
			isa = PBXSourcesBuildPhase;
			buildActionMask = 2147483647;
			files = (
				3935318F1B135F8D006A66D3 /* AppDelegate.m in Sources */,
				3935318C1B135F8D006A66D3 /* main.m in Sources */,
				3982F30D1B1369A40013B67A /* UIViewController+AutoLayout.m in Sources */,
				3982F30C1B1369A40013B67A /* Reachability.m in Sources */,
				393531C61B1365C7006A66D3 /* LoginVC.m in Sources */,
				3982F33B1B13721D0013B67A /* Constants.m in Sources */,
				393531CB1B136614006A66D3 /* BaseVC.m in Sources */,
				393531D01B1366C9006A66D3 /* TextInputView.m in Sources */,
				393531951B135F8D006A66D3 /* MainViewController.m in Sources */,
				393531921B135F8D006A66D3 /* IoAtSpot.xcdatamodeld in Sources */,
			);
			runOnlyForDeploymentPostprocessing = 0;
		};
		3935319E1B135F8D006A66D3 /* Sources */ = {
			isa = PBXSourcesBuildPhase;
			buildActionMask = 2147483647;
			files = (
				393531A91B135F8D006A66D3 /* IoAtSpotTests.m in Sources */,
			);
			runOnlyForDeploymentPostprocessing = 0;
		};
/* End PBXSourcesBuildPhase section */

/* Begin PBXTargetDependency section */
		393531A41B135F8D006A66D3 /* PBXTargetDependency */ = {
			isa = PBXTargetDependency;
			target = 393531851B135F8D006A66D3 /* IoAtSpot */;
			targetProxy = 393531A31B135F8D006A66D3 /* PBXContainerItemProxy */;
		};
/* End PBXTargetDependency section */

/* Begin PBXVariantGroup section */
		393531961B135F8D006A66D3 /* Main.storyboard */ = {
			isa = PBXVariantGroup;
			children = (
				393531971B135F8D006A66D3 /* Base */,
			);
			name = Main.storyboard;
			sourceTree = "<group>";
		};
		3935319B1B135F8D006A66D3 /* LaunchScreen.xib */ = {
			isa = PBXVariantGroup;
			children = (
				3935319C1B135F8D006A66D3 /* Base */,
			);
			name = LaunchScreen.xib;
			sourceTree = "<group>";
		};
/* End PBXVariantGroup section */

/* Begin XCBuildConfiguration section */
		393531AA1B135F8D006A66D3 /* Debug */ = {
			isa = XCBuildConfiguration;
			buildSettings = {
				ALWAYS_SEARCH_USER_PATHS = NO;
				CLANG_CXX_LANGUAGE_STANDARD = "gnu++0x";
				CLANG_CXX_LIBRARY = "libc++";
				CLANG_ENABLE_MODULES = YES;
				CLANG_ENABLE_OBJC_ARC = YES;
				CLANG_WARN_BOOL_CONVERSION = YES;
				CLANG_WARN_CONSTANT_CONVERSION = YES;
				CLANG_WARN_DIRECT_OBJC_ISA_USAGE = YES_ERROR;
				CLANG_WARN_EMPTY_BODY = YES;
				CLANG_WARN_ENUM_CONVERSION = YES;
				CLANG_WARN_INT_CONVERSION = YES;
				CLANG_WARN_OBJC_ROOT_CLASS = YES_ERROR;
				CLANG_WARN_UNREACHABLE_CODE = YES;
				CLANG_WARN__DUPLICATE_METHOD_MATCH = YES;
				"CODE_SIGN_IDENTITY[sdk=iphoneos*]" = "iPhone Developer";
				COPY_PHASE_STRIP = NO;
				DEBUG_INFORMATION_FORMAT = "dwarf-with-dsym";
				ENABLE_STRICT_OBJC_MSGSEND = YES;
				GCC_C_LANGUAGE_STANDARD = gnu99;
				GCC_DYNAMIC_NO_PIC = NO;
				GCC_NO_COMMON_BLOCKS = YES;
				GCC_OPTIMIZATION_LEVEL = 0;
				GCC_PREPROCESSOR_DEFINITIONS = (
					"DEBUG=1",
					"$(inherited)",
				);
				GCC_SYMBOLS_PRIVATE_EXTERN = NO;
				GCC_WARN_64_TO_32_BIT_CONVERSION = YES;
				GCC_WARN_ABOUT_RETURN_TYPE = YES_ERROR;
				GCC_WARN_UNDECLARED_SELECTOR = YES;
				GCC_WARN_UNINITIALIZED_AUTOS = YES_AGGRESSIVE;
				GCC_WARN_UNUSED_FUNCTION = YES;
				GCC_WARN_UNUSED_VARIABLE = YES;
				IPHONEOS_DEPLOYMENT_TARGET = 8.3;
				MTL_ENABLE_DEBUG_INFO = YES;
				ONLY_ACTIVE_ARCH = YES;
				SDKROOT = iphoneos;
				TARGETED_DEVICE_FAMILY = "1,2";
			};
			name = Debug;
		};
		393531AB1B135F8D006A66D3 /* Release */ = {
			isa = XCBuildConfiguration;
			buildSettings = {
				ALWAYS_SEARCH_USER_PATHS = NO;
				CLANG_CXX_LANGUAGE_STANDARD = "gnu++0x";
				CLANG_CXX_LIBRARY = "libc++";
				CLANG_ENABLE_MODULES = YES;
				CLANG_ENABLE_OBJC_ARC = YES;
				CLANG_WARN_BOOL_CONVERSION = YES;
				CLANG_WARN_CONSTANT_CONVERSION = YES;
				CLANG_WARN_DIRECT_OBJC_ISA_USAGE = YES_ERROR;
				CLANG_WARN_EMPTY_BODY = YES;
				CLANG_WARN_ENUM_CONVERSION = YES;
				CLANG_WARN_INT_CONVERSION = YES;
				CLANG_WARN_OBJC_ROOT_CLASS = YES_ERROR;
				CLANG_WARN_UNREACHABLE_CODE = YES;
				CLANG_WARN__DUPLICATE_METHOD_MATCH = YES;
				"CODE_SIGN_IDENTITY[sdk=iphoneos*]" = "iPhone Developer";
				COPY_PHASE_STRIP = NO;
				DEBUG_INFORMATION_FORMAT = "dwarf-with-dsym";
				ENABLE_NS_ASSERTIONS = NO;
				ENABLE_STRICT_OBJC_MSGSEND = YES;
				GCC_C_LANGUAGE_STANDARD = gnu99;
				GCC_NO_COMMON_BLOCKS = YES;
				GCC_WARN_64_TO_32_BIT_CONVERSION = YES;
				GCC_WARN_ABOUT_RETURN_TYPE = YES_ERROR;
				GCC_WARN_UNDECLARED_SELECTOR = YES;
				GCC_WARN_UNINITIALIZED_AUTOS = YES_AGGRESSIVE;
				GCC_WARN_UNUSED_FUNCTION = YES;
				GCC_WARN_UNUSED_VARIABLE = YES;
				IPHONEOS_DEPLOYMENT_TARGET = 8.3;
				MTL_ENABLE_DEBUG_INFO = NO;
				SDKROOT = iphoneos;
				TARGETED_DEVICE_FAMILY = "1,2";
				VALIDATE_PRODUCT = YES;
			};
			name = Release;
		};
		393531AD1B135F8D006A66D3 /* Debug */ = {
			isa = XCBuildConfiguration;
			buildSettings = {
				ASSETCATALOG_COMPILER_APPICON_NAME = AppIcon;
				FRAMEWORK_SEARCH_PATHS = (
					"$(inherited)",
					"$(PROJECT_DIR)/IoAtSpot",
				);
				INFOPLIST_FILE = IoAtSpot/Info.plist;
				IPHONEOS_DEPLOYMENT_TARGET = 7.1;
				LD_RUNPATH_SEARCH_PATHS = "$(inherited) @executable_path/Frameworks";
				OTHER_LDFLAGS = "-ObjC";
				PRODUCT_NAME = "$(TARGET_NAME)";
				TARGETED_DEVICE_FAMILY = "1,2";
			};
			name = Debug;
		};
		393531AE1B135F8D006A66D3 /* Release */ = {
			isa = XCBuildConfiguration;
			buildSettings = {
				ASSETCATALOG_COMPILER_APPICON_NAME = AppIcon;
				FRAMEWORK_SEARCH_PATHS = (
					"$(inherited)",
					"$(PROJECT_DIR)/IoAtSpot",
				);
				INFOPLIST_FILE = IoAtSpot/Info.plist;
				IPHONEOS_DEPLOYMENT_TARGET = 7.1;
				LD_RUNPATH_SEARCH_PATHS = "$(inherited) @executable_path/Frameworks";
				OTHER_LDFLAGS = "-ObjC";
				PRODUCT_NAME = "$(TARGET_NAME)";
				TARGETED_DEVICE_FAMILY = "1,2";
			};
			name = Release;
		};
		393531B01B135F8D006A66D3 /* Debug */ = {
			isa = XCBuildConfiguration;
			buildSettings = {
				BUNDLE_LOADER = "$(TEST_HOST)";
				FRAMEWORK_SEARCH_PATHS = (
					"$(SDKROOT)/Developer/Library/Frameworks",
					"$(inherited)",
				);
				GCC_PREPROCESSOR_DEFINITIONS = (
					"DEBUG=1",
					"$(inherited)",
				);
				INFOPLIST_FILE = IoAtSpotTests/Info.plist;
				LD_RUNPATH_SEARCH_PATHS = "$(inherited) @executable_path/Frameworks @loader_path/Frameworks";
				PRODUCT_NAME = "$(TARGET_NAME)";
				TEST_HOST = "$(BUILT_PRODUCTS_DIR)/IoAtSpot.app/IoAtSpot";
			};
			name = Debug;
		};
		393531B11B135F8D006A66D3 /* Release */ = {
			isa = XCBuildConfiguration;
			buildSettings = {
				BUNDLE_LOADER = "$(TEST_HOST)";
				FRAMEWORK_SEARCH_PATHS = (
					"$(SDKROOT)/Developer/Library/Frameworks",
					"$(inherited)",
				);
				INFOPLIST_FILE = IoAtSpotTests/Info.plist;
				LD_RUNPATH_SEARCH_PATHS = "$(inherited) @executable_path/Frameworks @loader_path/Frameworks";
				PRODUCT_NAME = "$(TARGET_NAME)";
				TEST_HOST = "$(BUILT_PRODUCTS_DIR)/IoAtSpot.app/IoAtSpot";
			};
			name = Release;
		};
/* End XCBuildConfiguration section */

/* Begin XCConfigurationList section */
		393531811B135F8D006A66D3 /* Build configuration list for PBXProject "IoAtSpot" */ = {
			isa = XCConfigurationList;
			buildConfigurations = (
				393531AA1B135F8D006A66D3 /* Debug */,
				393531AB1B135F8D006A66D3 /* Release */,
			);
			defaultConfigurationIsVisible = 0;
			defaultConfigurationName = Release;
		};
		393531AC1B135F8D006A66D3 /* Build configuration list for PBXNativeTarget "IoAtSpot" */ = {
			isa = XCConfigurationList;
			buildConfigurations = (
				393531AD1B135F8D006A66D3 /* Debug */,
				393531AE1B135F8D006A66D3 /* Release */,
			);
			defaultConfigurationIsVisible = 0;
			defaultConfigurationName = Release;
		};
		393531AF1B135F8D006A66D3 /* Build configuration list for PBXNativeTarget "IoAtSpotTests" */ = {
			isa = XCConfigurationList;
			buildConfigurations = (
				393531B01B135F8D006A66D3 /* Debug */,
				393531B11B135F8D006A66D3 /* Release */,
			);
			defaultConfigurationIsVisible = 0;
			defaultConfigurationName = Release;
		};
/* End XCConfigurationList section */

/* Begin XCVersionGroup section */
		393531901B135F8D006A66D3 /* IoAtSpot.xcdatamodeld */ = {
			isa = XCVersionGroup;
			children = (
				393531911B135F8D006A66D3 /* IoAtSpot.xcdatamodel */,
			);
			currentVersion = 393531911B135F8D006A66D3 /* IoAtSpot.xcdatamodel */;
			path = IoAtSpot.xcdatamodeld;
			sourceTree = "<group>";
			versionGroupType = wrapper.xcdatamodel;
		};
/* End XCVersionGroup section */
	};
	rootObject = 3935317E1B135F8D006A66D3 /* Project object */;
}
